
Microsoft Visual Studio Solution File, Format Version 12.00
# Visual Studio Version 17
VisualStudioVersion = 17.14.37203.1
MinimumVisualStudioVersion = 10.0.40219.1
Project("{FAE04EC0-301F-11D3-BF4B-00C04F79EFBC}") = "CatalogoArticulos", "CatalogoArticulos\CatalogoArticulos.csproj", "{D2BC9CE1-028A-4850-86C8-100AAA52C8EE}"
EndProject
Project("{FAE04EC0-301F-11D3-BF4B-00C04F79EFBC}") = "Dominio", "Dominio\Dominio.csproj", "{D80D65F2-CFE0-4D04-9D9A-C481132DFE66}"
EndProject
Project("{FAE04EC0-301F-11D3-BF4B-00C04F79EFBC}") = "Negocio", "Negocio\Negocio.csproj", "{0D0DDE17-F522-44DF-A4D1-CA7D1F469B2E}"
EndProject
Project("{FAE04EC0-301F-11D3-BF4B-00C04F79EFBC}") = "Accesodatos", "AccesoDatos\Accesodatos.csproj", "{822ACB96-5E97-4ACA-8228-8F3E066E2323}"
EndProject
Global
	GlobalSection(SolutionConfigurationPlatforms) = preSolution
		Debug|Any CPU = Debug|Any CPU
		Release|Any CPU = Release|Any CPU
	EndGlobalSection
	GlobalSection(ProjectConfigurationPlatforms) = postSolution
		{D2BC9CE1-028A-4850-86C8-100AAA52C8EE}.Debug|Any CPU.ActiveCfg = Debug|Any CPU
		{D2BC9CE1-028A-4850-86C8-100AAA52C8EE}.Debug|Any CPU.Build.0 = Debug|Any CPU
		{D2BC9CE1-028A-4850-86C8-100AAA52C8EE}.Release|Any CPU.ActiveCfg = Release|Any CPU
		{D2BC9CE1-028A-4850-86C8-100AAA52C8EE}.Release|Any CPU.Build.0 = Release|Any CPU
		{D80D65F2-CFE0-4D04-9D9A-C481132DFE66}.Debug|Any CPU.ActiveCfg = Debug|Any CPU
		{D80D65F2-CFE0-4D04-9D9A-C481132DFE66}.Debug|Any CPU.Build.0 = Debug|Any CPU
		{D80D65F2-CFE0-4D04-9D9A-C481132DFE66}.Release|Any CPU.ActiveCfg = Release|Any CPU
		{D80D65F2-CFE0-4D04-9D9A-C481132DFE66}.Release|Any CPU.Build.0 = Release|Any CPU
		{0D0DDE17-F522-44DF-A4D1-CA7D1F469B2E}.Debug|Any CPU.ActiveCfg = Debug|Any CPU
		{0D0DDE17-F522-44DF-A4D1-CA7D1F469B2E}.Debug|Any CPU.Build.0 = Debug|Any CPU
		{0D0DDE17-F522-44DF-A4D1-CA7D1F469B2E}.Release|Any CPU.ActiveCfg = Release|Any CPU
		{0D0DDE17-F522-44DF-A4D1-CA7D1F469B2E}.Release|Any CPU.Build.0 = Release|Any CPU
		{822ACB96-5E97-4ACA-8228-8F3E066E2323}.Debug|Any CPU.ActiveCfg = Debug|Any CPU
		{822ACB96-5E97-4ACA-8228-8F3E066E2323}.Debug|Any CPU.Build.0 = Debug|Any CPU
		{822ACB96-5E97-4ACA-8228-8F3E066E2323}.Release|Any CPU.ActiveCfg = Release|Any CPU
		{822ACB96-5E97-4ACA-8228-8F3E066E2323}.Release|Any CPU.Build.0 = Release|Any CPU
	EndGlobalSection
	GlobalSection(SolutionProperties) = preSolution
		HideSolutionNode = FALSE
	EndGlobalSection
	GlobalSection(ExtensibilityGlobals) = postSolution
		SolutionGuid = {8A89B4C1-14C1-42CA-8377-851AC4CBE53C}
	EndGlobalSection
EndGlobal
